{
  "name": "llm-json-parser",
  "version": "1.0.0",
  "lockfileVersion": 2,
  "requires": true,
  "packages": {
    "": {
      "name": "llm-json-parser",
      "version": "1.0.0",
      "license": "MIT",
      "dependencies": {
        "lodash": "^4.17.21",
        "really-relaxed-json": "^0.3.2"
      },
      "devDependencies": {
        "typescript": "^5.6.2"
      }
    },
    "node_modules/lodash": {
      "version": "4.17.21",
      "resolved": "https://registry.npmjs.org/lodash/-/lodash-4.17.21.tgz",
      "integrity": "sha512-v2kDEe57lecTulaDIuNTPy3Ry4gLGJ6Z1O3vE1krgXZNrsQ+LFTGHVxVjcXPs17LhbZVGedAJv8XZ1tvj5FvSg=="
    },
    "node_modules/really-relaxed-json": {
      "version": "0.3.2",
      "resolved": "https://registry.npmjs.org/really-relaxed-json/-/really-relaxed-json-0.3.2.tgz",
      "integrity": "sha512-dWDnjzCnOyjfY26IHMEomqE5D3btCs5D7I8iSAeqPs+Jxm1m6W/jwn0cxlXW8u24RD29bi5llLOEVN87JUrqag=="
    },
    "node_modules/typescript": {
      "version": "5.6.2",
      "resolved": "https://registry.npmjs.org/typescript/-/typescript-5.6.2.tgz",
      "integrity": "sha512-NW8ByodCSNCwZeghjN3o+JX5OFH0Ojg6sadjEKY4huZ52TqbJTJnDo5+Tw98lSy63NZvi4n+ez5m2u5d4PkZyw==",
      "dev": true,
      "bin": {
        "tsc": "bin/tsc",
        "tsserver": "bin/tsserver"
      },
      "engines": {
        "node": ">=14.17"
      }
    }
  },
  "dependencies": {
    "lodash": {
      "version": "4.17.21",
      "resolved": "https://registry.npmjs.org/lodash/-/lodash-4.17.21.tgz",
      "integrity": "sha512-v2kDEe57lecTulaDIuNTPy3Ry4gLGJ6Z1O3vE1krgXZNrsQ+LFTGHVxVjcXPs17LhbZVGedAJv8XZ1tvj5FvSg=="
    },
    "really-relaxed-json": {
      "version": "0.3.2",
      "resolved": "https://registry.npmjs.org/really-relaxed-json/-/really-relaxed-json-0.3.2.tgz",
      "integrity": "sha512-dWDnjzCnOyjfY26IHMEomqE5D3btCs5D7I8iSAeqPs+Jxm1m6W/jwn0cxlXW8u24RD29bi5llLOEVN87JUrqag=="
    },
    "typescript": {
      "version": "5.6.2",
      "resolved": "https://registry.npmjs.org/typescript/-/typescript-5.6.2.tgz",
      "integrity": "sha512-NW8ByodCSNCwZeghjN3o+JX5OFH0Ojg6sadjEKY4huZ52TqbJTJnDo5+Tw98lSy63NZvi4n+ez5m2u5d4PkZyw==",
      "dev": true
    }
  }
}
